
Microsoft Visual Studio Solution File, Format Version 12.00
# Visual Studio 15
VisualStudioVersion = 15.0.26403.7
MinimumVisualStudioVersion = 10.0.40219.1
Project("{FAE04EC0-301F-11D3-BF4B-00C04F79EFBC}") = "Receive", "Receive\Receive.csproj", "{AF72F9DD-4DFA-473A-9DC3-3349257CE3F2}"
EndProject
Project("{FAE04EC0-301F-11D3-BF4B-00C04F79EFBC}") = "Send", "Send\Send.csproj", "{5228948F-C0EC-47DF-AC92-8D0DC5A199AD}"
EndProject
Global
	GlobalSection(SolutionConfigurationPlatforms) = preSolution
		Debug with Params|Any CPU = Debug with Params|Any CPU
		Debug|Any CPU = Debug|Any CPU
		Release|Any CPU = Release|Any CPU
	EndGlobalSection
	GlobalSection(ProjectConfigurationPlatforms) = postSolution
		{AF72F9DD-4DFA-473A-9DC3-3349257CE3F2}.Debug with Params|Any CPU.ActiveCfg = Debug with Params|Any CPU
		{AF72F9DD-4DFA-473A-9DC3-3349257CE3F2}.Debug with Params|Any CPU.Build.0 = Debug with Params|Any CPU
		{AF72F9DD-4DFA-473A-9DC3-3349257CE3F2}.Debug|Any CPU.ActiveCfg = Debug|Any CPU
		{AF72F9DD-4DFA-473A-9DC3-3349257CE3F2}.Debug|Any CPU.Build.0 = Debug|Any CPU
		{AF72F9DD-4DFA-473A-9DC3-3349257CE3F2}.Release|Any CPU.ActiveCfg = Release|Any CPU
		{AF72F9DD-4DFA-473A-9DC3-3349257CE3F2}.Release|Any CPU.Build.0 = Release|Any CPU
		{5228948F-C0EC-47DF-AC92-8D0DC5A199AD}.Debug with Params|Any CPU.ActiveCfg = Debug with Params|Any CPU
		{5228948F-C0EC-47DF-AC92-8D0DC5A199AD}.Debug with Params|Any CPU.Build.0 = Debug with Params|Any CPU
		{5228948F-C0EC-47DF-AC92-8D0DC5A199AD}.Debug|Any CPU.ActiveCfg = Debug with Params|Any CPU
		{5228948F-C0EC-47DF-AC92-8D0DC5A199AD}.Debug|Any CPU.Build.0 = Debug with Params|Any CPU
		{5228948F-C0EC-47DF-AC92-8D0DC5A199AD}.Release|Any CPU.ActiveCfg = Release|Any CPU
		{5228948F-C0EC-47DF-AC92-8D0DC5A199AD}.Release|Any CPU.Build.0 = Release|Any CPU
	EndGlobalSection
	GlobalSection(SolutionProperties) = preSolution
		HideSolutionNode = FALSE
	EndGlobalSection
EndGlobal
